
Microsoft Visual Studio Solution File, Format Version 12.00
# Visual Studio Version 18
VisualStudioVersion = 18.0.32729.52
MinimumVisualStudioVersion = 10.0.40219.1
Project("{FAE04EC0-301F-11D3-BF4B-00C04F79EFBC}") = "Hospital-Operations-App", "Hospital-Operations-App.csproj", "{B1A5D8E2-3F4C-4B6A-A2F8-1A2B3C4D5E6F}"
EndProject
Global
	GlobalSection(SolutionConfigurationPlatforms) = preSolution
		Debug|Any CPU = Debug|Any CPU
		Release|Any CPU = Release|Any CPU
	EndGlobalSection
	GlobalSection(ProjectConfigurationPlatforms) = postSolution
		{B1A5D8E2-3F4C-4B6A-A2F8-1A2B3C4D5E6F}.Debug|Any CPU.ActiveCfg = Debug|Any CPU
		{B1A5D8E2-3F4C-4B6A-A2F8-1A2B3C4D5E6F}.Debug|Any CPU.Build.0 = Debug|Any CPU
		{B1A5D8E2-3F4C-4B6A-A2F8-1A2B3C4D5E6F}.Release|Any CPU.ActiveCfg = Release|Any CPU
		{B1A5D8E2-3F4C-4B6A-A2F8-1A2B3C4D5E6F}.Release|Any CPU.Build.0 = Release|Any CPU
	EndGlobalSection
	GlobalSection(SolutionProperties) = preSolution
		HideSolutionNode = FALSE
	EndGlobalSection
	GlobalSection(ExtensibilityGlobals) = postSolution
		SolutionGuid = {AEC33FD8-9C71-4BCB-AD7B-E468CE2158FA}
	EndGlobalSection
EndGlobal
